// !$*UTF8*$!
{
	archiveVersion = 1;
	classes = {
	};
	objectVersion = 55;
	objects = {

/* Begin PBXBuildFile section */
		8C0800FF28A31EE600CB916D /* ImageRSApp.swift in Sources */ = {isa = PBXBuildFile; fileRef = 8C0800FE28A31EE600CB916D /* ImageRSApp.swift */; };
		8C08010128A31EE600CB916D /* ContentView.swift in Sources */ = {isa = PBXBuildFile; fileRef = 8C08010028A31EE600CB916D /* ContentView.swift */; };
		8C08010328A31EE800CB916D /* Assets.xcassets in Resources */ = {isa = PBXBuildFile; fileRef = 8C08010228A31EE800CB916D /* Assets.xcassets */; };
		8C08010628A31EE800CB916D /* Preview Assets.xcassets in Resources */ = {isa = PBXBuildFile; fileRef = 8C08010528A31EE800CB916D /* Preview Assets.xcassets */; };
		8C08010D28A320A800CB916D /* MobileNetV2.mlmodel in Sources */ = {isa = PBXBuildFile; fileRef = 8C08010C28A320A800CB916D /* MobileNetV2.mlmodel */; };
		8C08011028A3212900CB916D /* ModelML.swift in Sources */ = {isa = PBXBuildFile; fileRef = 8C08010F28A3212900CB916D /* ModelML.swift */; };
		8C08011328A3245E00CB916D /* ImageModel.swift in Sources */ = {isa = PBXBuildFile; fileRef = 8C08011228A3245E00CB916D /* ImageModel.swift */; };
		8C08011528A326F600CB916D /* picker.swift in Sources */ = {isa = PBXBuildFile; fileRef = 8C08011428A326F600CB916D /* picker.swift */; };
		8C08011728A3327000CB916D /* ImagePicker.swift in Sources */ = {isa = PBXBuildFile; fileRef = 8C08011628A3327000CB916D /* ImagePicker.swift */; };
		8C92A8C728A4557100C10C6C /* ShoppingView.swift in Sources */ = {isa = PBXBuildFile; fileRef = 8C92A8C628A4557100C10C6C /* ShoppingView.swift */; };
		8C92A8C928A4577A00C10C6C /* WebView.swift in Sources */ = {isa = PBXBuildFile; fileRef = 8C92A8C828A4577A00C10C6C /* WebView.swift */; };
/* End PBXBuildFile section */

/* Begin PBXFileReference section */
		8C0800FB28A31EE600CB916D /* ImageRS.app */ = {isa = PBXFileReference; explicitFileType = wrapper.application; includeInIndex = 0; path = ImageRS.app; sourceTree = BUILT_PRODUCTS_DIR; };
		8C0800FE28A31EE600CB916D /* ImageRSApp.swift */ = {isa = PBXFileReference; lastKnownFileType = sourcecode.swift; path = ImageRSApp.swift; sourceTree = "<group>"; };
		8C08010028A31EE600CB916D /* ContentView.swift */ = {isa = PBXFileReference; lastKnownFileType = sourcecode.swift; path = ContentView.swift; sourceTree = "<group>"; };
		8C08010228A31EE800CB916D /* Assets.xcassets */ = {isa = PBXFileReference; lastKnownFileType = folder.assetcatalog; path = Assets.xcassets; sourceTree = "<group>"; };
		8C08010528A31EE800CB916D /* Preview Assets.xcassets */ = {isa = PBXFileReference; lastKnownFileType = folder.assetcatalog; path = "Preview Assets.xcassets"; sourceTree = "<group>"; };
		8C08010C28A320A800CB916D /* MobileNetV2.mlmodel */ = {isa = PBXFileReference; lastKnownFileType = file.mlmodel; path = MobileNetV2.mlmodel; sourceTree = "<group>"; };
		8C08010F28A3212900CB916D /* ModelML.swift */ = {isa = PBXFileReference; lastKnownFileType = sourcecode.swift; path = ModelML.swift; sourceTree = "<group>"; };
		8C08011228A3245E00CB916D /* ImageModel.swift */ = {isa = PBXFileReference; lastKnownFileType = sourcecode.swift; path = ImageModel.swift; sourceTree = "<group>"; };
		8C08011428A326F600CB916D /* picker.swift */ = {isa = PBXFileReference; lastKnownFileType = sourcecode.swift; path = picker.swift; sourceTree = "<group>"; };
		8C08011628A3327000CB916D /* ImagePicker.swift */ = {isa = PBXFileReference; lastKnownFileType = sourcecode.swift; path = ImagePicker.swift; sourceTree = "<group>"; };
		8C92A8C628A4557100C10C6C /* ShoppingView.swift */ = {isa = PBXFileReference; lastKnownFileType = sourcecode.swift; path = ShoppingView.swift; sourceTree = "<group>"; };
		8C92A8C828A4577A00C10C6C /* WebView.swift */ = {isa = PBXFileReference; fileEncoding = 4; lastKnownFileType = sourcecode.swift; path = WebView.swift; sourceTree = "<group>"; };
/* End PBXFileReference section */

/* Begin PBXFrameworksBuildPhase section */
		8C0800F828A31EE600CB916D /* Frameworks */ = {
			isa = PBXFrameworksBuildPhase;
			buildActionMask = 2147483647;
			files = (
			);
			runOnlyForDeploymentPostprocessing = 0;
		};
/* End PBXFrameworksBuildPhase section */

/* Begin PBXGroup section */
		8C0800F228A31EE600CB916D = {
			isa = PBXGroup;
			children = (
				8C0800FD28A31EE600CB916D /* ImageRS */,
				8C0800FC28A31EE600CB916D /* Products */,
			);
			sourceTree = "<group>";
		};
		8C0800FC28A31EE600CB916D /* Products */ = {
			isa = PBXGroup;
			children = (
				8C0800FB28A31EE600CB916D /* ImageRS.app */,
			);
			name = Products;
			sourceTree = "<group>";
		};
		8C0800FD28A31EE600CB916D /* ImageRS */ = {
			isa = PBXGroup;
			children = (
				8C08011828A33E2F00CB916D /* API */,
				8C08011128A3245100CB916D /* ImageS */,
				8C08010E28A3211F00CB916D /* Model */,
				8C08010C28A320A800CB916D /* MobileNetV2.mlmodel */,
				8C08011928A37F1C00CB916D /* App */,
				8C08010228A31EE800CB916D /* Assets.xcassets */,
				8C08010428A31EE800CB916D /* Preview Content */,
				8C08011628A3327000CB916D /* ImagePicker.swift */,
			);
			path = ImageRS;
			sourceTree = "<group>";
		};
		8C08010428A31EE800CB916D /* Preview Content */ = {
			isa = PBXGroup;
			children = (
				8C08010528A31EE800CB916D /* Preview Assets.xcassets */,
			);
			path = "Preview Content";
			sourceTree = "<group>";
		};
		8C08010E28A3211F00CB916D /* Model */ = {
			isa = PBXGroup;
			children = (
				8C08010F28A3212900CB916D /* ModelML.swift */,
				8C08011428A326F600CB916D /* picker.swift */,
			);
			path = Model;
			sourceTree = "<group>";
		};
		8C08011128A3245100CB916D /* ImageS */ = {
			isa = PBXGroup;
			children = (
				8C08011228A3245E00CB916D /* ImageModel.swift */,
			);
			path = ImageS;
			sourceTree = "<group>";
		};
		8C08011828A33E2F00CB916D /* API */ = {
			isa = PBXGroup;
			children = (
				8C92A8CA28A4793600C10C6C /* AModel */,
				8C92A8C828A4577A00C10C6C /* WebView.swift */,
				8C92A8C628A4557100C10C6C /* ShoppingView.swift */,
			);
			path = API;
			sourceTree = "<group>";
		};
		8C08011928A37F1C00CB916D /* App */ = {
			isa = PBXGroup;
			children = (
				8C0800FE28A31EE600CB916D /* ImageRSApp.swift */,
				8C08010028A31EE600CB916D /* ContentView.swift */,
			);
			path = App;
			sourceTree = "<group>";
		};
		8C92A8CA28A4793600C10C6C /* AModel */ = {
			isa = PBXGroup;
			children = (
			);
			path = AModel;
			sourceTree = "<group>";
		};
/* End PBXGroup section */

/* Begin PBXNativeTarget section */
		8C0800FA28A31EE600CB916D /* ImageRS */ = {
			isa = PBXNativeTarget;
			buildConfigurationList = 8C08010928A31EE800CB916D /* Build configuration list for PBXNativeTarget "ImageRS" */;
			buildPhases = (
				8C0800F728A31EE600CB916D /* Sources */,
				8C0800F828A31EE600CB916D /* Frameworks */,
				8C0800F928A31EE600CB916D /* Resources */,
			);
			buildRules = (
			);
			dependencies = (
			);
			name = ImageRS;
			productName = ImageRS;
			productReference = 8C0800FB28A31EE600CB916D /* ImageRS.app */;
			productType = "com.apple.product-type.application";
		};
/* End PBXNativeTarget section */

/* Begin PBXProject section */
		8C0800F328A31EE600CB916D /* Project object */ = {
			isa = PBXProject;
			attributes = {
				BuildIndependentTargetsInParallel = 1;
				LastSwiftUpdateCheck = 1340;
				LastUpgradeCheck = 1340;
				TargetAttributes = {
					8C0800FA28A31EE600CB916D = {
						CreatedOnToolsVersion = 13.4.1;
					};
				};
			};
			buildConfigurationList = 8C0800F628A31EE600CB916D /* Build configuration list for PBXProject "ImageRS" */;
			compatibilityVersion = "Xcode 13.0";
			developmentRegion = en;
			hasScannedForEncodings = 0;
			knownRegions = (
				en,
				Base,
			);
			mainGroup = 8C0800F228A31EE600CB916D;
			productRefGroup = 8C0800FC28A31EE600CB916D /* Products */;
			projectDirPath = "";
			projectRoot = "";
			targets = (
				8C0800FA28A31EE600CB916D /* ImageRS */,
			);
		};
/* End PBXProject section */

/* Begin PBXResourcesBuildPhase section */
		8C0800F928A31EE600CB916D /* Resources */ = {
			isa = PBXResourcesBuildPhase;
			buildActionMask = 2147483647;
			files = (
				8C08010628A31EE800CB916D /* Preview Assets.xcassets in Resources */,
				8C08010328A31EE800CB916D /* Assets.xcassets in Resources */,
			);
			runOnlyForDeploymentPostprocessing = 0;
		};
/* End PBXResourcesBuildPhase section */

/* Begin PBXSourcesBuildPhase section */
		8C0800F728A31EE600CB916D /* Sources */ = {
			isa = PBXSourcesBuildPhase;
			buildActionMask = 2147483647;
			files = (
				8C92A8C728A4557100C10C6C /* ShoppingView.swift in Sources */,
				8C08010128A31EE600CB916D /* ContentView.swift in Sources */,
				8C08011528A326F600CB916D /* picker.swift in Sources */,
				8C08011328A3245E00CB916D /* ImageModel.swift in Sources */,
				8C08011728A3327000CB916D /* ImagePicker.swift in Sources */,
				8C08010D28A320A800CB916D /* MobileNetV2.mlmodel in Sources */,
				8C92A8C928A4577A00C10C6C /* WebView.swift in Sources */,
				8C08011028A3212900CB916D /* ModelML.swift in Sources */,
				8C0800FF28A31EE600CB916D /* ImageRSApp.swift in Sources */,
			);
			runOnlyForDeploymentPostprocessing = 0;
		};
/* End PBXSourcesBuildPhase section */

/* Begin XCBuildConfiguration section */
		8C08010728A31EE800CB916D /* Debug */ = {
			isa = XCBuildConfiguration;
			buildSettings = {
				ALWAYS_SEARCH_USER_PATHS = NO;
				CLANG_ANALYZER_NONNULL = YES;
				CLANG_ANALYZER_NUMBER_OBJECT_CONVERSION = YES_AGGRESSIVE;
				CLANG_CXX_LANGUAGE_STANDARD = "gnu++17";
				CLANG_ENABLE_MODULES = YES;
				CLANG_ENABLE_OBJC_ARC = YES;
				CLANG_ENABLE_OBJC_WEAK = YES;
				CLANG_WARN_BLOCK_CAPTURE_AUTORELEASING = YES;
				CLANG_WARN_BOOL_CONVERSION = YES;
				CLANG_WARN_COMMA = YES;
				CLANG_WARN_CONSTANT_CONVERSION = YES;
				CLANG_WARN_DEPRECATED_OBJC_IMPLEMENTATIONS = YES;
				CLANG_WARN_DIRECT_OBJC_ISA_USAGE = YES_ERROR;
				CLANG_WARN_DOCUMENTATION_COMMENTS = YES;
				CLANG_WARN_EMPTY_BODY = YES;
				CLANG_WARN_ENUM_CONVERSION = YES;
				CLANG_WARN_INFINITE_RECURSION = YES;
				CLANG_WARN_INT_CONVERSION = YES;
				CLANG_WARN_NON_LITERAL_NULL_CONVERSION = YES;
				CLANG_WARN_OBJC_IMPLICIT_RETAIN_SELF = YES;
				CLANG_WARN_OBJC_LITERAL_CONVERSION = YES;
				CLANG_WARN_OBJC_ROOT_CLASS = YES_ERROR;
				CLANG_WARN_QUOTED_INCLUDE_IN_FRAMEWORK_HEADER = YES;
				CLANG_WARN_RANGE_LOOP_ANALYSIS = YES;
				CLANG_WARN_STRICT_PROTOTYPES = YES;
				CLANG_WARN_SUSPICIOUS_MOVE = YES;
				CLANG_WARN_UNGUARDED_AVAILABILITY = YES_AGGRESSIVE;
				CLANG_WARN_UNREACHABLE_CODE = YES;
				CLANG_WARN__DUPLICATE_METHOD_MATCH = YES;
				COPY_PHASE_STRIP = NO;
				DEBUG_INFORMATION_FORMAT = dwarf;
				ENABLE_STRICT_OBJC_MSGSEND = YES;
				ENABLE_TESTABILITY = YES;
				GCC_C_LANGUAGE_STANDARD = gnu11;
				GCC_DYNAMIC_NO_PIC = NO;
				GCC_NO_COMMON_BLOCKS = YES;
				GCC_OPTIMIZATION_LEVEL = 0;
				GCC_PREPROCESSOR_DEFINITIONS = (
					"DEBUG=1",
					"$(inherited)",
				);
				GCC_WARN_64_TO_32_BIT_CONVERSION = YES;
				GCC_WARN_ABOUT_RETURN_TYPE = YES_ERROR;
				GCC_WARN_UNDECLARED_SELECTOR = YES;
				GCC_WARN_UNINITIALIZED_AUTOS = YES_AGGRESSIVE;
				GCC_WARN_UNUSED_FUNCTION = YES;
				GCC_WARN_UNUSED_VARIABLE = YES;
				IPHONEOS_DEPLOYMENT_TARGET = 15.5;
				MTL_ENABLE_DEBUG_INFO = INCLUDE_SOURCE;
				MTL_FAST_MATH = YES;
				ONLY_ACTIVE_ARCH = YES;
				SDKROOT = iphoneos;
				SWIFT_ACTIVE_COMPILATION_CONDITIONS = DEBUG;
				SWIFT_OPTIMIZATION_LEVEL = "-Onone";
			};
			name = Debug;
		};
		8C08010828A31EE800CB916D /* Release */ = {
			isa = XCBuildConfiguration;
			buildSettings = {
				ALWAYS_SEARCH_USER_PATHS = NO;
				CLANG_ANALYZER_NONNULL = YES;
				CLANG_ANALYZER_NUMBER_OBJECT_CONVERSION = YES_AGGRESSIVE;
				CLANG_CXX_LANGUAGE_STANDARD = "gnu++17";
				CLANG_ENABLE_MODULES = YES;
				CLANG_ENABLE_OBJC_ARC = YES;
				CLANG_ENABLE_OBJC_WEAK = YES;
				CLANG_WARN_BLOCK_CAPTURE_AUTORELEASING = YES;
				CLANG_WARN_BOOL_CONVERSION = YES;
				CLANG_WARN_COMMA = YES;
				CLANG_WARN_CONSTANT_CONVERSION = YES;
				CLANG_WARN_DEPRECATED_OBJC_IMPLEMENTATIONS = YES;
				CLANG_WARN_DIRECT_OBJC_ISA_USAGE = YES_ERROR;
				CLANG_WARN_DOCUMENTATION_COMMENTS = YES;
				CLANG_WARN_EMPTY_BODY = YES;
				CLANG_WARN_ENUM_CONVERSION = YES;
				CLANG_WARN_INFINITE_RECURSION = YES;
				CLANG_WARN_INT_CONVERSION = YES;
				CLANG_WARN_NON_LITERAL_NULL_CONVERSION = YES;
				CLANG_WARN_OBJC_IMPLICIT_RETAIN_SELF = YES;
				CLANG_WARN_OBJC_LITERAL_CONVERSION = YES;
				CLANG_WARN_OBJC_ROOT_CLASS = YES_ERROR;
				CLANG_WARN_QUOTED_INCLUDE_IN_FRAMEWORK_HEADER = YES;
				CLANG_WARN_RANGE_LOOP_ANALYSIS = YES;
				CLANG_WARN_STRICT_PROTOTYPES = YES;
				CLANG_WARN_SUSPICIOUS_MOVE = YES;
				CLANG_WARN_UNGUARDED_AVAILABILITY = YES_AGGRESSIVE;
				CLANG_WARN_UNREACHABLE_CODE = YES;
				CLANG_WARN__DUPLICATE_METHOD_MATCH = YES;
				COPY_PHASE_STRIP = NO;
				DEBUG_INFORMATION_FORMAT = "dwarf-with-dsym";
				ENABLE_NS_ASSERTIONS = NO;
				ENABLE_STRICT_OBJC_MSGSEND = YES;
				GCC_C_LANGUAGE_STANDARD = gnu11;
				GCC_NO_COMMON_BLOCKS = YES;
				GCC_WARN_64_TO_32_BIT_CONVERSION = YES;
				GCC_WARN_ABOUT_RETURN_TYPE = YES_ERROR;
				GCC_WARN_UNDECLARED_SELECTOR = YES;
				GCC_WARN_UNINITIALIZED_AUTOS = YES_AGGRESSIVE;
				GCC_WARN_UNUSED_FUNCTION = YES;
				GCC_WARN_UNUSED_VARIABLE = YES;
				IPHONEOS_DEPLOYMENT_TARGET = 15.5;
				MTL_ENABLE_DEBUG_INFO = NO;
				MTL_FAST_MATH = YES;
				SDKROOT = iphoneos;
				SWIFT_COMPILATION_MODE = wholemodule;
				SWIFT_OPTIMIZATION_LEVEL = "-O";
				VALIDATE_PRODUCT = YES;
			};
			name = Release;
		};
		8C08010A28A31EE800CB916D /* Debug */ = {
			isa = XCBuildConfiguration;
			buildSettings = {
				ASSETCATALOG_COMPILER_APPICON_NAME = AppIcon;
				ASSETCATALOG_COMPILER_GLOBAL_ACCENT_COLOR_NAME = AccentColor;
				CODE_SIGN_STYLE = Automatic;
				CURRENT_PROJECT_VERSION = 1;
				DEVELOPMENT_ASSET_PATHS = "\"ImageRS/Preview Content\"";
				DEVELOPMENT_TEAM = Y2GQNC99SH;
				ENABLE_PREVIEWS = YES;
				GENERATE_INFOPLIST_FILE = YES;
				INFOPLIST_KEY_NSCameraUsageDescription = "Give access";
				INFOPLIST_KEY_NSPhotoLibraryUsageDescription = "Give access";
				INFOPLIST_KEY_UIApplicationSceneManifest_Generation = YES;
				INFOPLIST_KEY_UIApplicationSupportsIndirectInputEvents = YES;
				INFOPLIST_KEY_UILaunchScreen_Generation = YES;
				INFOPLIST_KEY_UISupportedInterfaceOrientations_iPad = "UIInterfaceOrientationPortrait UIInterfaceOrientationPortraitUpsideDown UIInterfaceOrientationLandscapeLeft UIInterfaceOrientationLandscapeRight";
				INFOPLIST_KEY_UISupportedInterfaceOrientations_iPhone = "UIInterfaceOrientationPortrait UIInterfaceOrientationLandscapeLeft UIInterfaceOrientationLandscapeRight";
				LD_RUNPATH_SEARCH_PATHS = (
					"$(inherited)",
					"@executable_path/Frameworks",
				);
				MARKETING_VERSION = 1.0;
				PRODUCT_BUNDLE_IDENTIFIER = KarthikManishankar.ImageRS;
				PRODUCT_NAME = "$(TARGET_NAME)";
				SWIFT_EMIT_LOC_STRINGS = YES;
				SWIFT_VERSION = 5.0;
				TARGETED_DEVICE_FAMILY = "1,2";
			};
			name = Debug;
		};
		8C08010B28A31EE800CB916D /* Release */ = {
			isa = XCBuildConfiguration;
			buildSettings = {
				ASSETCATALOG_COMPILER_APPICON_NAME = AppIcon;
				ASSETCATALOG_COMPILER_GLOBAL_ACCENT_COLOR_NAME = AccentColor;
				CODE_SIGN_STYLE = Automatic;
				CURRENT_PROJECT_VERSION = 1;
				DEVELOPMENT_ASSET_PATHS = "\"ImageRS/Preview Content\"";
				DEVELOPMENT_TEAM = Y2GQNC99SH;
				ENABLE_PREVIEWS = YES;
				GENERATE_INFOPLIST_FILE = YES;
				INFOPLIST_KEY_NSCameraUsageDescription = "Give access";
				INFOPLIST_KEY_NSPhotoLibraryUsageDescription = "Give access";
				INFOPLIST_KEY_UIApplicationSceneManifest_Generation = YES;
				INFOPLIST_KEY_UIApplicationSupportsIndirectInputEvents = YES;
				INFOPLIST_KEY_UILaunchScreen_Generation = YES;
				INFOPLIST_KEY_UISupportedInterfaceOrientations_iPad = "UIInterfaceOrientationPortrait UIInterfaceOrientationPortraitUpsideDown UIInterfaceOrientationLandscapeLeft UIInterfaceOrientationLandscapeRight";
				INFOPLIST_KEY_UISupportedInterfaceOrientations_iPhone = "UIInterfaceOrientationPortrait UIInterfaceOrientationLandscapeLeft UIInterfaceOrientationLandscapeRight";
				LD_RUNPATH_SEARCH_PATHS = (
					"$(inherited)",
					"@executable_path/Frameworks",
				);
				MARKETING_VERSION = 1.0;
				PRODUCT_BUNDLE_IDENTIFIER = KarthikManishankar.ImageRS;
				PRODUCT_NAME = "$(TARGET_NAME)";
				SWIFT_EMIT_LOC_STRINGS = YES;
				SWIFT_VERSION = 5.0;
				TARGETED_DEVICE_FAMILY = "1,2";
			};
			name = Release;
		};
/* End XCBuildConfiguration section */

/* Begin XCConfigurationList section */
		8C0800F628A31EE600CB916D /* Build configuration list for PBXProject "ImageRS" */ = {
			isa = XCConfigurationList;
			buildConfigurations = (
				8C08010728A31EE800CB916D /* Debug */,
				8C08010828A31EE800CB916D /* Release */,
			);
			defaultConfigurationIsVisible = 0;
			defaultConfigurationName = Release;
		};
		8C08010928A31EE800CB916D /* Build configuration list for PBXNativeTarget "ImageRS" */ = {
			isa = XCConfigurationList;
			buildConfigurations = (
				8C08010A28A31EE800CB916D /* Debug */,
				8C08010B28A31EE800CB916D /* Release */,
			);
			defaultConfigurationIsVisible = 0;
			defaultConfigurationName = Release;
		};
/* End XCConfigurationList section */
	};
	rootObject = 8C0800F328A31EE600CB916D /* Project object */;
}
